
Microsoft Visual Studio Solution File, Format Version 12.00
Project("{2150E333-8FDC-42A3-9474-1A3956D46DE8}") = "src", "src", "{F9F5D773-E1C6-4039-BEA0-0977457A22EA}"
EndProject
Project("{FAE04EC0-301F-11D3-BF4B-00C04F79EFBC}") = "domain", "domain\domain.csproj", "{09D787C9-4D52-46F2-BF40-BF08DCFC3C46}"
EndProject
Project("{FAE04EC0-301F-11D3-BF4B-00C04F79EFBC}") = "Application", "Application\Application.csproj", "{B55497C1-36E3-46D0-BC32-CBE083A6159F}"
EndProject
Project("{FAE04EC0-301F-11D3-BF4B-00C04F79EFBC}") = "Infrastructure", "Infrastructure\Infrastructure.csproj", "{22EE63F1-9DD6-4B79-AFC3-DAB6DA34C0FE}"
EndProject
Project("{FAE04EC0-301F-11D3-BF4B-00C04F79EFBC}") = "Presentation", "Presentation\Presentation.csproj", "{CF2C4505-218B-4154-B630-BCB6C8D4E2F0}"
EndProject
Project("{FAE04EC0-301F-11D3-BF4B-00C04F79EFBC}") = "WebApi", "WebApi\WebApi.csproj", "{FCFB7763-2E35-43F5-B098-83F5196CD51E}"
EndProject
Global
	GlobalSection(SolutionConfigurationPlatforms) = preSolution
		Debug|Any CPU = Debug|Any CPU
		Release|Any CPU = Release|Any CPU
	EndGlobalSection
	GlobalSection(ProjectConfigurationPlatforms) = postSolution
		{09D787C9-4D52-46F2-BF40-BF08DCFC3C46}.Debug|Any CPU.ActiveCfg = Debug|Any CPU
		{09D787C9-4D52-46F2-BF40-BF08DCFC3C46}.Debug|Any CPU.Build.0 = Debug|Any CPU
		{09D787C9-4D52-46F2-BF40-BF08DCFC3C46}.Release|Any CPU.ActiveCfg = Release|Any CPU
		{09D787C9-4D52-46F2-BF40-BF08DCFC3C46}.Release|Any CPU.Build.0 = Release|Any CPU
		{B55497C1-36E3-46D0-BC32-CBE083A6159F}.Debug|Any CPU.ActiveCfg = Debug|Any CPU
		{B55497C1-36E3-46D0-BC32-CBE083A6159F}.Debug|Any CPU.Build.0 = Debug|Any CPU
		{B55497C1-36E3-46D0-BC32-CBE083A6159F}.Release|Any CPU.ActiveCfg = Release|Any CPU
		{B55497C1-36E3-46D0-BC32-CBE083A6159F}.Release|Any CPU.Build.0 = Release|Any CPU
		{22EE63F1-9DD6-4B79-AFC3-DAB6DA34C0FE}.Debug|Any CPU.ActiveCfg = Debug|Any CPU
		{22EE63F1-9DD6-4B79-AFC3-DAB6DA34C0FE}.Debug|Any CPU.Build.0 = Debug|Any CPU
		{22EE63F1-9DD6-4B79-AFC3-DAB6DA34C0FE}.Release|Any CPU.ActiveCfg = Release|Any CPU
		{22EE63F1-9DD6-4B79-AFC3-DAB6DA34C0FE}.Release|Any CPU.Build.0 = Release|Any CPU
		{CF2C4505-218B-4154-B630-BCB6C8D4E2F0}.Debug|Any CPU.ActiveCfg = Debug|Any CPU
		{CF2C4505-218B-4154-B630-BCB6C8D4E2F0}.Debug|Any CPU.Build.0 = Debug|Any CPU
		{CF2C4505-218B-4154-B630-BCB6C8D4E2F0}.Release|Any CPU.ActiveCfg = Release|Any CPU
		{CF2C4505-218B-4154-B630-BCB6C8D4E2F0}.Release|Any CPU.Build.0 = Release|Any CPU
		{FCFB7763-2E35-43F5-B098-83F5196CD51E}.Debug|Any CPU.ActiveCfg = Debug|Any CPU
		{FCFB7763-2E35-43F5-B098-83F5196CD51E}.Debug|Any CPU.Build.0 = Debug|Any CPU
		{FCFB7763-2E35-43F5-B098-83F5196CD51E}.Release|Any CPU.ActiveCfg = Release|Any CPU
		{FCFB7763-2E35-43F5-B098-83F5196CD51E}.Release|Any CPU.Build.0 = Release|Any CPU
	EndGlobalSection
	GlobalSection(NestedProjects) = preSolution
		{09D787C9-4D52-46F2-BF40-BF08DCFC3C46} = {F9F5D773-E1C6-4039-BEA0-0977457A22EA}
		{B55497C1-36E3-46D0-BC32-CBE083A6159F} = {F9F5D773-E1C6-4039-BEA0-0977457A22EA}
		{22EE63F1-9DD6-4B79-AFC3-DAB6DA34C0FE} = {F9F5D773-E1C6-4039-BEA0-0977457A22EA}
		{CF2C4505-218B-4154-B630-BCB6C8D4E2F0} = {F9F5D773-E1C6-4039-BEA0-0977457A22EA}
		{FCFB7763-2E35-43F5-B098-83F5196CD51E} = {F9F5D773-E1C6-4039-BEA0-0977457A22EA}
	EndGlobalSection
EndGlobal
